
Microsoft Visual Studio Solution File, Format Version 12.00
# Visual Studio Version 17
VisualStudioVersion = 17.1.31911.260
MinimumVisualStudioVersion = 10.0.40219.1
Project("{FAE04EC0-301F-11D3-BF4B-00C04F79EFBC}") = "ConsoleApp1", "ConsoleApp1.csproj", "{1248E25D-3422-45E2-B7F4-BA61FD81E551}"
EndProject
Global
	GlobalSection(SolutionConfigurationPlatforms) = preSolution
		Debug|Any CPU = Debug|Any CPU
		Release|Any CPU = Release|Any CPU
	EndGlobalSection
	GlobalSection(ProjectConfigurationPlatforms) = postSolution
		{1248E25D-3422-45E2-B7F4-BA61FD81E551}.Debug|Any CPU.ActiveCfg = Debug|Any CPU
		{1248E25D-3422-45E2-B7F4-BA61FD81E551}.Debug|Any CPU.Build.0 = Debug|Any CPU
		{1248E25D-3422-45E2-B7F4-BA61FD81E551}.Release|Any CPU.ActiveCfg = Release|Any CPU
		{1248E25D-3422-45E2-B7F4-BA61FD81E551}.Release|Any CPU.Build.0 = Release|Any CPU
	EndGlobalSection
	GlobalSection(SolutionProperties) = preSolution
		HideSolutionNode = FALSE
	EndGlobalSection
	GlobalSection(ExtensibilityGlobals) = postSolution
		SolutionGuid = {55D5C357-ECC8-40DA-A124-46559D1FE963}
	EndGlobalSection
EndGlobal
